<?xml version="1.0" encoding="utf-8"?>
<Project ToolsVersion="4.0" xmlns="http://schemas.microsoft.com/developer/msbuild/2003">
  <ItemGroup>
    <Filter Include="Source Files">
      <UniqueIdentifier>{4FC737F1-C7A5-4376-A066-2A32D752A2FF}</UniqueIdentifier>
      <Extensions>cpp;c;cc;cxx;def;odl;idl;hpj;bat;asm;asmx</Extensions>
    </Filter>
    <Filter Include="Header Files">
      <UniqueIdentifier>{93995380-89BD-4b04-88EB-625FBE52EBFB}</UniqueIdentifier>
      <Extensions>h;hh;hpp;hxx;hm;inl;inc;xsd</Extensions>
    </Filter>
    <Filter Include="Resource Files">
      <UniqueIdentifier>{67DA6AB6-F800-4c08-8B7A-83BB121AAD01}</UniqueIdentifier>
      <Extensions>rc;ico;cur;bmp;dlg;rc2;rct;bin;rgs;gif;jpg;jpeg;jpe;resx;tiff;tif;png;wav;mfcribbon-ms</Extensions>
    </Filter>
  </ItemGroup>
  <ItemGroup>
    <ClCompile Include="IncludedClass.cpp">
      <Filter>Source Files</Filter>
    </ClCompile>
    <ClCompile Include="__Generated__\Main.cpp">
      <Filter>Source Files</Filter>
    </ClCompile>
    <ClCompile Include="__Generated__\SlothTests.cpp">
      <Filter>Source Files</Filter>
    </ClCompile>
  </ItemGroup>
  <ItemGroup>
    <ClInclude Include="CalculatorShould.h">
      <Filter>Header Files</Filter>
    </ClInclude>
    <ClInclude Include="TestFileShould.h">
      <Filter>Header Files</Filter>
    </ClInclude>
    <ClInclude Include="ClangWrapperShould.h">
      <Filter>Header Files</Filter>
    </ClInclude>
    <ClInclude Include="IncludedClass.h">
      <Filter>Header Files</Filter>
    </ClInclude>
    <ClInclude Include="TestClassShould.h">
      <Filter>Header Files</Filter>
    </ClInclude>
    <ClInclude Include="TestMethodShould.h">
      <Filter>Header Files</Filter>
    </ClInclude>
    <ClInclude Include="SlothParserShould\TopTestFile.h">
      <Filter>Header Files</Filter>
    </ClInclude>
    <ClInclude Include="SlothParserShould\TopFile.h">
      <Filter>Header Files</Filter>
    </ClInclude>
    <ClInclude Include="SlothParserShould\TopTestFileTwo.h">
      <Filter>Header Files</Filter>
    </ClInclude>
    <ClInclude Include="SlothParserShould\SubFolder\SubSubFolder\SubSubFile.h">
      <Filter>Header Files</Filter>
    </ClInclude>
    <ClInclude Include="SlothParserShould\SubFolder\SubSubFolder\SubSubTestFile.h">
      <Filter>Header Files</Filter>
    </ClInclude>
    <ClInclude Include="SlothParserShould\SubFolder\SubSubFile.h">
      <Filter>Header Files</Filter>
    </ClInclude>
    <ClInclude Include="SlothParserShould\SubFolderTwo\SubSubFile.h">
      <Filter>Header Files</Filter>
    </ClInclude>
    <ClInclude Include="SlothParserShould\SubFolder\SubSubTestFile.h">
      <Filter>Header Files</Filter>
    </ClInclude>
    <ClInclude Include="SlothParserShould\SubFolderTwo\SubSubTestFile.h">
      <Filter>Header Files</Filter>
    </ClInclude>
    <ClInclude Include="SlothParserShould\SubFolderTwo\SubSubFolder\SubSubFile.h">
      <Filter>Header Files</Filter>
    </ClInclude>
    <ClInclude Include="SlothParserShould\SubFolderTwo\SubSubFolder\SubSubTestFile.h">
      <Filter>Header Files</Filter>
    </ClInclude>
    <ClInclude Include="__Generated__\SlothTests.h">
      <Filter>Header Files</Filter>
    </ClInclude>
    <ClInclude Include="__Generated__\TestClass.h">
      <Filter>Header Files</Filter>
    </ClInclude>
    <ClInclude Include="__Generated__\TestMethod.h">
      <Filter>Header Files</Filter>
    </ClInclude>
    <ClInclude Include="CodeGenerationShould\CalculatorShould.h">
      <Filter>Header Files</Filter>
    </ClInclude>
  </ItemGroup>
</Project>